
Microsoft Visual Studio Solution File, Format Version 12.00
# Visual Studio Version 16
VisualStudioVersion = 16.0.29403.142
MinimumVisualStudioVersion = 10.0.40219.1
Project("{FAE04EC0-301F-11D3-BF4B-00C04F79EFBC}") = "NgoThienDao.TrungTamNgoaiNgu", "NgoThienDao.TrungTamNgoaiNgu\NgoThienDao.TrungTamNgoaiNgu.csproj", "{49479880-BE9E-436F-ACAE-DD45CFDC8179}"
EndProject
Global
	GlobalSection(SolutionConfigurationPlatforms) = preSolution
		Debug|Any CPU = Debug|Any CPU
		Release|Any CPU = Release|Any CPU
	EndGlobalSection
	GlobalSection(ProjectConfigurationPlatforms) = postSolution
		{49479880-BE9E-436F-ACAE-DD45CFDC8179}.Debug|Any CPU.ActiveCfg = Debug|Any CPU
		{49479880-BE9E-436F-ACAE-DD45CFDC8179}.Debug|Any CPU.Build.0 = Debug|Any CPU
		{49479880-BE9E-436F-ACAE-DD45CFDC8179}.Release|Any CPU.ActiveCfg = Release|Any CPU
		{49479880-BE9E-436F-ACAE-DD45CFDC8179}.Release|Any CPU.Build.0 = Release|Any CPU
	EndGlobalSection
	GlobalSection(SolutionProperties) = preSolution
		HideSolutionNode = FALSE
	EndGlobalSection
	GlobalSection(ExtensibilityGlobals) = postSolution
		SolutionGuid = {344AFDD4-21B9-4CA5-A80C-9F5409F7E159}
	EndGlobalSection
EndGlobal
